
Microsoft Visual Studio Solution File, Format Version 12.00
# Visual Studio 15
VisualStudioVersion = 15.0.27703.2026
MinimumVisualStudioVersion = 10.0.40219.1
Project("{FAE04EC0-301F-11D3-BF4B-00C04F79EFBC}") = "MenuAggregator", "MenuAggregator\MenuAggregator.csproj", "{23004E3A-9D06-48EC-A522-3DE6AFA9599C}"
EndProject
Global
	GlobalSection(SolutionConfigurationPlatforms) = preSolution
		Debug|Any CPU = Debug|Any CPU
		Release|Any CPU = Release|Any CPU
	EndGlobalSection
	GlobalSection(ProjectConfigurationPlatforms) = postSolution
		{23004E3A-9D06-48EC-A522-3DE6AFA9599C}.Debug|Any CPU.ActiveCfg = Debug|Any CPU
		{23004E3A-9D06-48EC-A522-3DE6AFA9599C}.Debug|Any CPU.Build.0 = Debug|Any CPU
		{23004E3A-9D06-48EC-A522-3DE6AFA9599C}.Release|Any CPU.ActiveCfg = Release|Any CPU
		{23004E3A-9D06-48EC-A522-3DE6AFA9599C}.Release|Any CPU.Build.0 = Release|Any CPU
	EndGlobalSection
	GlobalSection(SolutionProperties) = preSolution
		HideSolutionNode = FALSE
	EndGlobalSection
	GlobalSection(ExtensibilityGlobals) = postSolution
		SolutionGuid = {81FEC8B2-A911-45AE-AB6F-F18BDB2FCA47}
	EndGlobalSection
EndGlobal
